
Microsoft Visual Studio Solution File, Format Version 12.00
# Visual Studio Version 16
VisualStudioVersion = 16.0.31702.278
MinimumVisualStudioVersion = 10.0.40219.1
Project("{E24C65DC-7377-472B-9ABA-BC803B73C61A}") = "practica", "practica\", "{FCD838F7-18EA-4958-B4DC-1EDA28BF5E70}"
	ProjectSection(WebsiteProperties) = preProject
		TargetFrameworkMoniker = ".NETFramework,Version%3Dv4.7.2"
		Debug.AspNetCompiler.VirtualPath = "/localhost_57216"
		Debug.AspNetCompiler.PhysicalPath = "practica\"
		Debug.AspNetCompiler.TargetPath = "PrecompiledWeb\localhost_57216\"
		Debug.AspNetCompiler.Updateable = "true"
		Debug.AspNetCompiler.ForceOverwrite = "true"
		Debug.AspNetCompiler.FixedNames = "false"
		Debug.AspNetCompiler.Debug = "True"
		Release.AspNetCompiler.VirtualPath = "/localhost_57216"
		Release.AspNetCompiler.PhysicalPath = "practica\"
		Release.AspNetCompiler.TargetPath = "PrecompiledWeb\localhost_57216\"
		Release.AspNetCompiler.Updateable = "true"
		Release.AspNetCompiler.ForceOverwrite = "true"
		Release.AspNetCompiler.FixedNames = "false"
		Release.AspNetCompiler.Debug = "False"
		VWDPort = "57216"
		SlnRelativePath = "practica\"
		DefaultWebSiteLanguage = "Visual C#"
	EndProjectSection
EndProject
Global
	GlobalSection(SolutionConfigurationPlatforms) = preSolution
		Debug|Any CPU = Debug|Any CPU
	EndGlobalSection
	GlobalSection(ProjectConfigurationPlatforms) = postSolution
		{FCD838F7-18EA-4958-B4DC-1EDA28BF5E70}.Debug|Any CPU.ActiveCfg = Debug|Any CPU
		{FCD838F7-18EA-4958-B4DC-1EDA28BF5E70}.Debug|Any CPU.Build.0 = Debug|Any CPU
	EndGlobalSection
	GlobalSection(SolutionProperties) = preSolution
		HideSolutionNode = FALSE
	EndGlobalSection
	GlobalSection(ExtensibilityGlobals) = postSolution
		SolutionGuid = {9AF30AAB-F094-459E-B577-795B24E2FA61}
	EndGlobalSection
EndGlobal
